// !$*UTF8*$!
{
	archiveVersion = 1;
	classes = {
	};
	objectVersion = 46;
	objects = {

/* Begin PBXBuildFile section */
		3B1BC5C918CD272C007B416E /* liblzma.a in Frameworks */ = {isa = PBXBuildFile; fileRef = 3B1BC5C818CD272C007B416E /* liblzma.a */; };
		3B1BC5CB18CD282F007B416E /* Digital_LAD_2048x1556.dpx in Resources */ = {isa = PBXBuildFile; fileRef = 3B1BC5CA18CD2823007B416E /* Digital_LAD_2048x1556.dpx */; };
		3B66458B18CC41600052E2DC /* Cocoa.framework in Frameworks */ = {isa = PBXBuildFile; fileRef = 3B66458A18CC41600052E2DC /* Cocoa.framework */; };
		3B66459518CC41600052E2DC /* InfoPlist.strings in Resources */ = {isa = PBXBuildFile; fileRef = 3B66459318CC41600052E2DC /* InfoPlist.strings */; };
		3B66459718CC41600052E2DC /* main.m in Sources */ = {isa = PBXBuildFile; fileRef = 3B66459618CC41600052E2DC /* main.m */; };
		3B66459B18CC41600052E2DC /* Credits.rtf in Resources */ = {isa = PBXBuildFile; fileRef = 3B66459918CC41600052E2DC /* Credits.rtf */; };
		3B66459E18CC41600052E2DC /* AppDelegate.m in Sources */ = {isa = PBXBuildFile; fileRef = 3B66459D18CC41600052E2DC /* AppDelegate.m */; };
		3B6645A118CC41600052E2DC /* MainMenu.xib in Resources */ = {isa = PBXBuildFile; fileRef = 3B66459F18CC41600052E2DC /* MainMenu.xib */; };
		3B6645A318CC41600052E2DC /* Images.xcassets in Resources */ = {isa = PBXBuildFile; fileRef = 3B6645A218CC41600052E2DC /* Images.xcassets */; };
		3B6645AA18CC41600052E2DC /* XCTest.framework in Frameworks */ = {isa = PBXBuildFile; fileRef = 3B6645A918CC41600052E2DC /* XCTest.framework */; };
		3B6645AB18CC41600052E2DC /* Cocoa.framework in Frameworks */ = {isa = PBXBuildFile; fileRef = 3B66458A18CC41600052E2DC /* Cocoa.framework */; };
		3B7C8F8818CCA52300EC8F8E /* NSImage+OIIO.m in Sources */ = {isa = PBXBuildFile; fileRef = 3B7C8F8718CCA52300EC8F8E /* NSImage+OIIO.m */; };
		3BD6CE5A18CC4EEA003B40F3 /* OIIOImageRep.mm in Sources */ = {isa = PBXBuildFile; fileRef = 3BD6CE5918CC4EEA003B40F3 /* OIIOImageRep.mm */; };
		3BD6CEBD18CC6600003B40F3 /* libz.dylib in Frameworks */ = {isa = PBXBuildFile; fileRef = 3BD6CEBC18CC6600003B40F3 /* libz.dylib */; };
		3BD6CEED18CC9397003B40F3 /* pugixml.cpp in Sources */ = {isa = PBXBuildFile; fileRef = 3BD6CEDB18CC9397003B40F3 /* pugixml.cpp */; };
		3BD6CEFE18CC93C2003B40F3 /* libboost_filesystem.a in Frameworks */ = {isa = PBXBuildFile; fileRef = 3BD6CEEE18CC93C2003B40F3 /* libboost_filesystem.a */; };
		3BD6CEFF18CC93C2003B40F3 /* libboost_regex.a in Frameworks */ = {isa = PBXBuildFile; fileRef = 3BD6CEEF18CC93C2003B40F3 /* libboost_regex.a */; };
		3BD6CF0018CC93C2003B40F3 /* libboost_system.a in Frameworks */ = {isa = PBXBuildFile; fileRef = 3BD6CEF018CC93C2003B40F3 /* libboost_system.a */; };
		3BD6CF0118CC93C2003B40F3 /* libboost_thread-mt.a in Frameworks */ = {isa = PBXBuildFile; fileRef = 3BD6CEF118CC93C2003B40F3 /* libboost_thread-mt.a */; };
		3BD6CF0218CC93C2003B40F3 /* libHalf.a in Frameworks */ = {isa = PBXBuildFile; fileRef = 3BD6CEF218CC93C2003B40F3 /* libHalf.a */; };
		3BD6CF0318CC93C2003B40F3 /* libIex.a in Frameworks */ = {isa = PBXBuildFile; fileRef = 3BD6CEF318CC93C2003B40F3 /* libIex.a */; };
		3BD6CF0418CC93C2003B40F3 /* libIexMath.a in Frameworks */ = {isa = PBXBuildFile; fileRef = 3BD6CEF418CC93C2003B40F3 /* libIexMath.a */; };
		3BD6CF0518CC93C2003B40F3 /* libIlmImf.a in Frameworks */ = {isa = PBXBuildFile; fileRef = 3BD6CEF518CC93C2003B40F3 /* libIlmImf.a */; };
		3BD6CF0618CC93C2003B40F3 /* libIlmThread.a in Frameworks */ = {isa = PBXBuildFile; fileRef = 3BD6CEF618CC93C2003B40F3 /* libIlmThread.a */; };
		3BD6CF0718CC93C2003B40F3 /* libImath.a in Frameworks */ = {isa = PBXBuildFile; fileRef = 3BD6CEF718CC93C2003B40F3 /* libImath.a */; };
		3BD6CF0818CC93C2003B40F3 /* libjpeg.a in Frameworks */ = {isa = PBXBuildFile; fileRef = 3BD6CEF818CC93C2003B40F3 /* libjpeg.a */; };
		3BD6CF0918CC93C3003B40F3 /* libOpenImageIO_Util.a in Frameworks */ = {isa = PBXBuildFile; fileRef = 3BD6CEF918CC93C2003B40F3 /* libOpenImageIO_Util.a */; };
		3BD6CF0A18CC93C3003B40F3 /* libOpenImageIO.a in Frameworks */ = {isa = PBXBuildFile; fileRef = 3BD6CEFA18CC93C2003B40F3 /* libOpenImageIO.a */; };
		3BD6CF0B18CC93C3003B40F3 /* libpng15.a in Frameworks */ = {isa = PBXBuildFile; fileRef = 3BD6CEFB18CC93C2003B40F3 /* libpng15.a */; };
		3BD6CF0C18CC93C3003B40F3 /* libtiff.a in Frameworks */ = {isa = PBXBuildFile; fileRef = 3BD6CEFC18CC93C2003B40F3 /* libtiff.a */; };
		3BD6CF0D18CC93C3003B40F3 /* libtiffxx.a in Frameworks */ = {isa = PBXBuildFile; fileRef = 3BD6CEFD18CC93C2003B40F3 /* libtiffxx.a */; };
		F29DAC7118D047A500E132E7 /* test.dpx in Resources */ = {isa = PBXBuildFile; fileRef = F29DAC7018D0478F00E132E7 /* test.dpx */; };
/* End PBXBuildFile section */

/* Begin PBXContainerItemProxy section */
		3B6645AC18CC41600052E2DC /* PBXContainerItemProxy */ = {
			isa = PBXContainerItemProxy;
			containerPortal = 3B66457F18CC41600052E2DC /* Project object */;
			proxyType = 1;
			remoteGlobalIDString = 3B66458618CC41600052E2DC;
			remoteInfo = OIIOImageViewer;
		};
/* End PBXContainerItemProxy section */

/* Begin PBXFileReference section */
		3B1BC5C818CD272C007B416E /* liblzma.a */ = {isa = PBXFileReference; lastKnownFileType = archive.ar; name = liblzma.a; path = ../../Vendor/xz/lib/liblzma.a; sourceTree = "<group>"; };
		3B1BC5CA18CD2823007B416E /* Digital_LAD_2048x1556.dpx */ = {isa = PBXFileReference; lastKnownFileType = file; path = Digital_LAD_2048x1556.dpx; sourceTree = "<group>"; };
		3B66458718CC41600052E2DC /* OIIOImageViewer.app */ = {isa = PBXFileReference; explicitFileType = wrapper.application; includeInIndex = 0; path = OIIOImageViewer.app; sourceTree = BUILT_PRODUCTS_DIR; };
		3B66458A18CC41600052E2DC /* Cocoa.framework */ = {isa = PBXFileReference; lastKnownFileType = wrapper.framework; name = Cocoa.framework; path = System/Library/Frameworks/Cocoa.framework; sourceTree = SDKROOT; };
		3B66458D18CC41600052E2DC /* AppKit.framework */ = {isa = PBXFileReference; lastKnownFileType = wrapper.framework; name = AppKit.framework; path = System/Library/Frameworks/AppKit.framework; sourceTree = SDKROOT; };
		3B66458E18CC41600052E2DC /* CoreData.framework */ = {isa = PBXFileReference; lastKnownFileType = wrapper.framework; name = CoreData.framework; path = System/Library/Frameworks/CoreData.framework; sourceTree = SDKROOT; };
		3B66458F18CC41600052E2DC /* Foundation.framework */ = {isa = PBXFileReference; lastKnownFileType = wrapper.framework; name = Foundation.framework; path = System/Library/Frameworks/Foundation.framework; sourceTree = SDKROOT; };
		3B66459218CC41600052E2DC /* OIIOImageViewer-Info.plist */ = {isa = PBXFileReference; lastKnownFileType = text.plist.xml; path = "OIIOImageViewer-Info.plist"; sourceTree = "<group>"; };
		3B66459418CC41600052E2DC /* en */ = {isa = PBXFileReference; lastKnownFileType = text.plist.strings; name = en; path = en.lproj/InfoPlist.strings; sourceTree = "<group>"; };
		3B66459618CC41600052E2DC /* main.m */ = {isa = PBXFileReference; lastKnownFileType = sourcecode.c.objc; path = main.m; sourceTree = "<group>"; };
		3B66459818CC41600052E2DC /* OIIOImageViewer-Prefix.pch */ = {isa = PBXFileReference; lastKnownFileType = sourcecode.c.h; path = "OIIOImageViewer-Prefix.pch"; sourceTree = "<group>"; };
		3B66459A18CC41600052E2DC /* en */ = {isa = PBXFileReference; lastKnownFileType = text.rtf; name = en; path = en.lproj/Credits.rtf; sourceTree = "<group>"; };
		3B66459C18CC41600052E2DC /* AppDelegate.h */ = {isa = PBXFileReference; lastKnownFileType = sourcecode.c.h; path = AppDelegate.h; sourceTree = "<group>"; };
		3B66459D18CC41600052E2DC /* AppDelegate.m */ = {isa = PBXFileReference; lastKnownFileType = sourcecode.c.objc; path = AppDelegate.m; sourceTree = "<group>"; };
		3B6645A018CC41600052E2DC /* Base */ = {isa = PBXFileReference; lastKnownFileType = file.xib; name = Base; path = Base.lproj/MainMenu.xib; sourceTree = "<group>"; };
		3B6645A218CC41600052E2DC /* Images.xcassets */ = {isa = PBXFileReference; lastKnownFileType = folder.assetcatalog; path = Images.xcassets; sourceTree = "<group>"; };
		3B6645A818CC41600052E2DC /* OIIOImageViewerTests.xctest */ = {isa = PBXFileReference; explicitFileType = wrapper.cfbundle; includeInIndex = 0; path = OIIOImageViewerTests.xctest; sourceTree = BUILT_PRODUCTS_DIR; };
		3B6645A918CC41600052E2DC /* XCTest.framework */ = {isa = PBXFileReference; lastKnownFileType = wrapper.framework; name = XCTest.framework; path = Library/Frameworks/XCTest.framework; sourceTree = DEVELOPER_DIR; };
		3B7C8F8618CCA52300EC8F8E /* NSImage+OIIO.h */ = {isa = PBXFileReference; fileEncoding = 4; lastKnownFileType = sourcecode.c.h; path = "NSImage+OIIO.h"; sourceTree = "<group>"; };
		3B7C8F8718CCA52300EC8F8E /* NSImage+OIIO.m */ = {isa = PBXFileReference; fileEncoding = 4; lastKnownFileType = sourcecode.c.objc; path = "NSImage+OIIO.m"; sourceTree = "<group>"; };
		3BD6CE5618CC4E5E003B40F3 /* OIIOImageRep.h */ = {isa = PBXFileReference; fileEncoding = 4; lastKnownFileType = sourcecode.c.h; path = OIIOImageRep.h; sourceTree = "<group>"; };
		3BD6CE5918CC4EEA003B40F3 /* OIIOImageRep.mm */ = {isa = PBXFileReference; fileEncoding = 4; lastKnownFileType = sourcecode.cpp.objcpp; path = OIIOImageRep.mm; sourceTree = "<group>"; };
		3BD6CEBC18CC6600003B40F3 /* libz.dylib */ = {isa = PBXFileReference; lastKnownFileType = "compiled.mach-o.dylib"; name = libz.dylib; path = usr/lib/libz.dylib; sourceTree = SDKROOT; };
		3BD6CEC518CC9397003B40F3 /* argparse.h */ = {isa = PBXFileReference; fileEncoding = 4; lastKnownFileType = sourcecode.c.h; path = argparse.h; sourceTree = "<group>"; };
		3BD6CEC618CC9397003B40F3 /* array_view.h */ = {isa = PBXFileReference; fileEncoding = 4; lastKnownFileType = sourcecode.c.h; path = array_view.h; sourceTree = "<group>"; };
		3BD6CEC718CC9397003B40F3 /* color.h */ = {isa = PBXFileReference; fileEncoding = 4; lastKnownFileType = sourcecode.c.h; path = color.h; sourceTree = "<group>"; };
		3BD6CEC818CC9397003B40F3 /* dassert.h */ = {isa = PBXFileReference; fileEncoding = 4; lastKnownFileType = sourcecode.c.h; path = dassert.h; sourceTree = "<group>"; };
		3BD6CEC918CC9397003B40F3 /* errorhandler.h */ = {isa = PBXFileReference; fileEncoding = 4; lastKnownFileType = sourcecode.c.h; path = errorhandler.h; sourceTree = "<group>"; };
		3BD6CECA18CC9397003B40F3 /* export.h */ = {isa = PBXFileReference; fileEncoding = 4; lastKnownFileType = sourcecode.c.h; path = export.h; sourceTree = "<group>"; };
		3BD6CECB18CC9397003B40F3 /* filesystem.h */ = {isa = PBXFileReference; fileEncoding = 4; lastKnownFileType = sourcecode.c.h; path = filesystem.h; sourceTree = "<group>"; };
		3BD6CECC18CC9397003B40F3 /* filter.h */ = {isa = PBXFileReference; fileEncoding = 4; lastKnownFileType = sourcecode.c.h; path = filter.h; sourceTree = "<group>"; };
		3BD6CECD18CC9397003B40F3 /* fmath.h */ = {isa = PBXFileReference; fileEncoding = 4; lastKnownFileType = sourcecode.c.h; path = fmath.h; sourceTree = "<group>"; };
		3BD6CECE18CC9397003B40F3 /* hash.h */ = {isa = PBXFileReference; fileEncoding = 4; lastKnownFileType = sourcecode.c.h; path = hash.h; sourceTree = "<group>"; };
		3BD6CECF18CC9397003B40F3 /* image_view.h */ = {isa = PBXFileReference; fileEncoding = 4; lastKnownFileType = sourcecode.c.h; path = image_view.h; sourceTree = "<group>"; };
		3BD6CED018CC9397003B40F3 /* imagebuf.h */ = {isa = PBXFileReference; fileEncoding = 4; lastKnownFileType = sourcecode.c.h; path = imagebuf.h; sourceTree = "<group>"; };
		3BD6CED118CC9397003B40F3 /* imagebufalgo.h */ = {isa = PBXFileReference; fileEncoding = 4; lastKnownFileType = sourcecode.c.h; path = imagebufalgo.h; sourceTree = "<group>"; };
		3BD6CED218CC9397003B40F3 /* imagebufalgo_util.h */ = {isa = PBXFileReference; fileEncoding = 4; lastKnownFileType = sourcecode.c.h; path = imagebufalgo_util.h; sourceTree = "<group>"; };
		3BD6CED318CC9397003B40F3 /* imagecache.h */ = {isa = PBXFileReference; fileEncoding = 4; lastKnownFileType = sourcecode.c.h; path = imagecache.h; sourceTree = "<group>"; };
		3BD6CED418CC9397003B40F3 /* imageio.h */ = {isa = PBXFileReference; fileEncoding = 4; lastKnownFileType = sourcecode.c.h; path = imageio.h; sourceTree = "<group>"; };
		3BD6CED518CC9397003B40F3 /* oiioversion.h */ = {isa = PBXFileReference; fileEncoding = 4; lastKnownFileType = sourcecode.c.h; path = oiioversion.h; sourceTree = "<group>"; };
		3BD6CED618CC9397003B40F3 /* optparser.h */ = {isa = PBXFileReference; fileEncoding = 4; lastKnownFileType = sourcecode.c.h; path = optparser.h; sourceTree = "<group>"; };
		3BD6CED718CC9397003B40F3 /* osdep.h */ = {isa = PBXFileReference; fileEncoding = 4; lastKnownFileType = sourcecode.c.h; path = osdep.h; sourceTree = "<group>"; };
		3BD6CED818CC9397003B40F3 /* paramlist.h */ = {isa = PBXFileReference; fileEncoding = 4; lastKnownFileType = sourcecode.c.h; path = paramlist.h; sourceTree = "<group>"; };
		3BD6CED918CC9397003B40F3 /* plugin.h */ = {isa = PBXFileReference; fileEncoding = 4; lastKnownFileType = sourcecode.c.h; path = plugin.h; sourceTree = "<group>"; };
		3BD6CEDA18CC9397003B40F3 /* pugiconfig.hpp */ = {isa = PBXFileReference; fileEncoding = 4; lastKnownFileType = sourcecode.cpp.h; path = pugiconfig.hpp; sourceTree = "<group>"; };
		3BD6CEDB18CC9397003B40F3 /* pugixml.cpp */ = {isa = PBXFileReference; fileEncoding = 4; lastKnownFileType = sourcecode.cpp.cpp; path = pugixml.cpp; sourceTree = "<group>"; };
		3BD6CEDC18CC9397003B40F3 /* pugixml.hpp */ = {isa = PBXFileReference; fileEncoding = 4; lastKnownFileType = sourcecode.cpp.h; path = pugixml.hpp; sourceTree = "<group>"; };
		3BD6CEDD18CC9397003B40F3 /* refcnt.h */ = {isa = PBXFileReference; fileEncoding = 4; lastKnownFileType = sourcecode.c.h; path = refcnt.h; sourceTree = "<group>"; };
		3BD6CEDE18CC9397003B40F3 /* SHA1.h */ = {isa = PBXFileReference; fileEncoding = 4; lastKnownFileType = sourcecode.c.h; path = SHA1.h; sourceTree = "<group>"; };
		3BD6CEDF18CC9397003B40F3 /* strided_ptr.h */ = {isa = PBXFileReference; fileEncoding = 4; lastKnownFileType = sourcecode.c.h; path = strided_ptr.h; sourceTree = "<group>"; };
		3BD6CEE018CC9397003B40F3 /* string_ref.h */ = {isa = PBXFileReference; fileEncoding = 4; lastKnownFileType = sourcecode.c.h; path = string_ref.h; sourceTree = "<group>"; };
		3BD6CEE118CC9397003B40F3 /* strutil.h */ = {isa = PBXFileReference; fileEncoding = 4; lastKnownFileType = sourcecode.c.h; path = strutil.h; sourceTree = "<group>"; };
		3BD6CEE218CC9397003B40F3 /* sysutil.h */ = {isa = PBXFileReference; fileEncoding = 4; lastKnownFileType = sourcecode.c.h; path = sysutil.h; sourceTree = "<group>"; };
		3BD6CEE318CC9397003B40F3 /* texture.h */ = {isa = PBXFileReference; fileEncoding = 4; lastKnownFileType = sourcecode.c.h; path = texture.h; sourceTree = "<group>"; };
		3BD6CEE418CC9397003B40F3 /* thread.h */ = {isa = PBXFileReference; fileEncoding = 4; lastKnownFileType = sourcecode.c.h; path = thread.h; sourceTree = "<group>"; };
		3BD6CEE518CC9397003B40F3 /* timer.h */ = {isa = PBXFileReference; fileEncoding = 4; lastKnownFileType = sourcecode.c.h; path = timer.h; sourceTree = "<group>"; };
		3BD6CEE618CC9397003B40F3 /* tinyformat.h */ = {isa = PBXFileReference; fileEncoding = 4; lastKnownFileType = sourcecode.c.h; path = tinyformat.h; sourceTree = "<group>"; };
		3BD6CEE718CC9397003B40F3 /* typedesc.h */ = {isa = PBXFileReference; fileEncoding = 4; lastKnownFileType = sourcecode.c.h; path = typedesc.h; sourceTree = "<group>"; };
		3BD6CEE818CC9397003B40F3 /* unittest.h */ = {isa = PBXFileReference; fileEncoding = 4; lastKnownFileType = sourcecode.c.h; path = unittest.h; sourceTree = "<group>"; };
		3BD6CEE918CC9397003B40F3 /* unordered_map_concurrent.h */ = {isa = PBXFileReference; fileEncoding = 4; lastKnownFileType = sourcecode.c.h; path = unordered_map_concurrent.h; sourceTree = "<group>"; };
		3BD6CEEA18CC9397003B40F3 /* ustring.h */ = {isa = PBXFileReference; fileEncoding = 4; lastKnownFileType = sourcecode.c.h; path = ustring.h; sourceTree = "<group>"; };
		3BD6CEEB18CC9397003B40F3 /* varyingref.h */ = {isa = PBXFileReference; fileEncoding = 4; lastKnownFileType = sourcecode.c.h; path = varyingref.h; sourceTree = "<group>"; };
		3BD6CEEC18CC9397003B40F3 /* version.h */ = {isa = PBXFileReference; fileEncoding = 4; lastKnownFileType = sourcecode.c.h; path = version.h; sourceTree = "<group>"; };
		3BD6CEEE18CC93C2003B40F3 /* libboost_filesystem.a */ = {isa = PBXFileReference; lastKnownFileType = archive.ar; name = libboost_filesystem.a; path = ../../Vendor/boost/lib/libboost_filesystem.a; sourceTree = "<group>"; };
		3BD6CEEF18CC93C2003B40F3 /* libboost_regex.a */ = {isa = PBXFileReference; lastKnownFileType = archive.ar; name = libboost_regex.a; path = ../../Vendor/boost/lib/libboost_regex.a; sourceTree = "<group>"; };
		3BD6CEF018CC93C2003B40F3 /* libboost_system.a */ = {isa = PBXFileReference; lastKnownFileType = archive.ar; name = libboost_system.a; path = ../../Vendor/boost/lib/libboost_system.a; sourceTree = "<group>"; };
		3BD6CEF118CC93C2003B40F3 /* libboost_thread-mt.a */ = {isa = PBXFileReference; lastKnownFileType = archive.ar; name = "libboost_thread-mt.a"; path = "../../Vendor/boost/lib/libboost_thread-mt.a"; sourceTree = "<group>"; };
		3BD6CEF218CC93C2003B40F3 /* libHalf.a */ = {isa = PBXFileReference; lastKnownFileType = archive.ar; name = libHalf.a; path = ../../Vendor/ilmbase/lib/libHalf.a; sourceTree = "<group>"; };
		3BD6CEF318CC93C2003B40F3 /* libIex.a */ = {isa = PBXFileReference; lastKnownFileType = archive.ar; name = libIex.a; path = ../../Vendor/ilmbase/lib/libIex.a; sourceTree = "<group>"; };
		3BD6CEF418CC93C2003B40F3 /* libIexMath.a */ = {isa = PBXFileReference; lastKnownFileType = archive.ar; name = libIexMath.a; path = ../../Vendor/ilmbase/lib/libIexMath.a; sourceTree = "<group>"; };
		3BD6CEF518CC93C2003B40F3 /* libIlmImf.a */ = {isa = PBXFileReference; lastKnownFileType = archive.ar; name = libIlmImf.a; path = ../../Vendor/openexr/lib/libIlmImf.a; sourceTree = "<group>"; };
		3BD6CEF618CC93C2003B40F3 /* libIlmThread.a */ = {isa = PBXFileReference; lastKnownFileType = archive.ar; name = libIlmThread.a; path = ../../Vendor/ilmbase/lib/libIlmThread.a; sourceTree = "<group>"; };
		3BD6CEF718CC93C2003B40F3 /* libImath.a */ = {isa = PBXFileReference; lastKnownFileType = archive.ar; name = libImath.a; path = ../../Vendor/ilmbase/lib/libImath.a; sourceTree = "<group>"; };
		3BD6CEF818CC93C2003B40F3 /* libjpeg.a */ = {isa = PBXFileReference; lastKnownFileType = archive.ar; name = libjpeg.a; path = ../../Vendor/jpeg/lib/libjpeg.a; sourceTree = "<group>"; };
		3BD6CEF918CC93C2003B40F3 /* libOpenImageIO_Util.a */ = {isa = PBXFileReference; lastKnownFileType = archive.ar; name = libOpenImageIO_Util.a; path = ../../Vendor/OpenImageIO/lib/libOpenImageIO_Util.a; sourceTree = "<group>"; };
		3BD6CEFA18CC93C2003B40F3 /* libOpenImageIO.a */ = {isa = PBXFileReference; lastKnownFileType = archive.ar; name = libOpenImageIO.a; path = ../../Vendor/OpenImageIO/lib/libOpenImageIO.a; sourceTree = "<group>"; };
		3BD6CEFB18CC93C2003B40F3 /* libpng15.a */ = {isa = PBXFileReference; lastKnownFileType = archive.ar; name = libpng15.a; path = ../../Vendor/libpng/lib/libpng15.a; sourceTree = "<group>"; };
		3BD6CEFC18CC93C2003B40F3 /* libtiff.a */ = {isa = PBXFileReference; lastKnownFileType = archive.ar; name = libtiff.a; path = ../../Vendor/libtiff/lib/libtiff.a; sourceTree = "<group>"; };
		3BD6CEFD18CC93C2003B40F3 /* libtiffxx.a */ = {isa = PBXFileReference; lastKnownFileType = archive.ar; name = libtiffxx.a; path = ../../Vendor/libtiff/lib/libtiffxx.a; sourceTree = "<group>"; };
		F29DAC7018D0478F00E132E7 /* test.dpx */ = {isa = PBXFileReference; lastKnownFileType = file; path = test.dpx; sourceTree = "<group>"; };
/* End PBXFileReference section */

/* Begin PBXFrameworksBuildPhase section */
		3B66458418CC41600052E2DC /* Frameworks */ = {
			isa = PBXFrameworksBuildPhase;
			buildActionMask = 2147483647;
			files = (
				3B66458B18CC41600052E2DC /* Cocoa.framework in Frameworks */,
				3BD6CEBD18CC6600003B40F3 /* libz.dylib in Frameworks */,
				3BD6CF0418CC93C2003B40F3 /* libIexMath.a in Frameworks */,
				3BD6CF0818CC93C2003B40F3 /* libjpeg.a in Frameworks */,
				3B1BC5C918CD272C007B416E /* liblzma.a in Frameworks */,
				3BD6CF0018CC93C2003B40F3 /* libboost_system.a in Frameworks */,
				3BD6CF0D18CC93C3003B40F3 /* libtiffxx.a in Frameworks */,
				3BD6CF0718CC93C2003B40F3 /* libImath.a in Frameworks */,
				3BD6CF0A18CC93C3003B40F3 /* libOpenImageIO.a in Frameworks */,
				3BD6CEFE18CC93C2003B40F3 /* libboost_filesystem.a in Frameworks */,
				3BD6CF0618CC93C2003B40F3 /* libIlmThread.a in Frameworks */,
				3BD6CF0C18CC93C3003B40F3 /* libtiff.a in Frameworks */,
				3BD6CF0318CC93C2003B40F3 /* libIex.a in Frameworks */,
				3BD6CF0118CC93C2003B40F3 /* libboost_thread-mt.a in Frameworks */,
				3BD6CF0B18CC93C3003B40F3 /* libpng15.a in Frameworks */,
				3BD6CF0218CC93C2003B40F3 /* libHalf.a in Frameworks */,
				3BD6CEFF18CC93C2003B40F3 /* libboost_regex.a in Frameworks */,
				3BD6CF0518CC93C2003B40F3 /* libIlmImf.a in Frameworks */,
				3BD6CF0918CC93C3003B40F3 /* libOpenImageIO_Util.a in Frameworks */,
			);
			runOnlyForDeploymentPostprocessing = 0;
		};
		3B6645A518CC41600052E2DC /* Frameworks */ = {
			isa = PBXFrameworksBuildPhase;
			buildActionMask = 2147483647;
			files = (
				3B6645AB18CC41600052E2DC /* Cocoa.framework in Frameworks */,
				3B6645AA18CC41600052E2DC /* XCTest.framework in Frameworks */,
			);
			runOnlyForDeploymentPostprocessing = 0;
		};
/* End PBXFrameworksBuildPhase section */

/* Begin PBXGroup section */
		3B66457E18CC41600052E2DC = {
			isa = PBXGroup;
			children = (
				3B6645C318CC42150052E2DC /* oiiococoa classes */,
				3B66459018CC41600052E2DC /* OIIOImageViewer */,
				3B66458918CC41600052E2DC /* Frameworks */,
				3B66458818CC41600052E2DC /* Products */,
			);
			sourceTree = "<group>";
		};
		3B66458818CC41600052E2DC /* Products */ = {
			isa = PBXGroup;
			children = (
				3B66458718CC41600052E2DC /* OIIOImageViewer.app */,
				3B6645A818CC41600052E2DC /* OIIOImageViewerTests.xctest */,
			);
			name = Products;
			sourceTree = "<group>";
		};
		3B66458918CC41600052E2DC /* Frameworks */ = {
			isa = PBXGroup;
			children = (
				3BD6CEBC18CC6600003B40F3 /* libz.dylib */,
				3B66458A18CC41600052E2DC /* Cocoa.framework */,
				3B6645A918CC41600052E2DC /* XCTest.framework */,
				3B66458C18CC41600052E2DC /* Other Frameworks */,
			);
			name = Frameworks;
			sourceTree = "<group>";
		};
		3B66458C18CC41600052E2DC /* Other Frameworks */ = {
			isa = PBXGroup;
			children = (
				3B66458D18CC41600052E2DC /* AppKit.framework */,
				3B66458E18CC41600052E2DC /* CoreData.framework */,
				3B66458F18CC41600052E2DC /* Foundation.framework */,
			);
			name = "Other Frameworks";
			sourceTree = "<group>";
		};
		3B66459018CC41600052E2DC /* OIIOImageViewer */ = {
			isa = PBXGroup;
			children = (
				3B66459C18CC41600052E2DC /* AppDelegate.h */,
				3B66459D18CC41600052E2DC /* AppDelegate.m */,
				F29DAC7018D0478F00E132E7 /* test.dpx */,
				3B66459F18CC41600052E2DC /* MainMenu.xib */,
				3B1BC5CA18CD2823007B416E /* Digital_LAD_2048x1556.dpx */,
				3B6645A218CC41600052E2DC /* Images.xcassets */,
				3B66459118CC41600052E2DC /* Supporting Files */,
			);
			path = OIIOImageViewer;
			sourceTree = "<group>";
		};
		3B66459118CC41600052E2DC /* Supporting Files */ = {
			isa = PBXGroup;
			children = (
				3BD6CEC418CC9397003B40F3 /* include */,
				3BD6CE8A18CC5BA8003B40F3 /* lib */,
				3B66459218CC41600052E2DC /* OIIOImageViewer-Info.plist */,
				3B66459318CC41600052E2DC /* InfoPlist.strings */,
				3B66459618CC41600052E2DC /* main.m */,
				3B66459818CC41600052E2DC /* OIIOImageViewer-Prefix.pch */,
				3B66459918CC41600052E2DC /* Credits.rtf */,
			);
			name = "Supporting Files";
			sourceTree = "<group>";
		};
		3B6645C318CC42150052E2DC /* oiiococoa classes */ = {
			isa = PBXGroup;
			children = (
				3BD6CE5618CC4E5E003B40F3 /* OIIOImageRep.h */,
				3BD6CE5918CC4EEA003B40F3 /* OIIOImageRep.mm */,
				3B7C8F8618CCA52300EC8F8E /* NSImage+OIIO.h */,
				3B7C8F8718CCA52300EC8F8E /* NSImage+OIIO.m */,
			);
			name = "oiiococoa classes";
			path = ../Classes;
			sourceTree = "<group>";
		};
		3BD6CE8A18CC5BA8003B40F3 /* lib */ = {
			isa = PBXGroup;
			children = (
				3BD6CEEE18CC93C2003B40F3 /* libboost_filesystem.a */,
				3BD6CEEF18CC93C2003B40F3 /* libboost_regex.a */,
				3BD6CEF018CC93C2003B40F3 /* libboost_system.a */,
				3BD6CEF118CC93C2003B40F3 /* libboost_thread-mt.a */,
				3BD6CEF218CC93C2003B40F3 /* libHalf.a */,
				3BD6CEF318CC93C2003B40F3 /* libIex.a */,
				3BD6CEF418CC93C2003B40F3 /* libIexMath.a */,
				3BD6CEF518CC93C2003B40F3 /* libIlmImf.a */,
				3BD6CEF618CC93C2003B40F3 /* libIlmThread.a */,
				3BD6CEF718CC93C2003B40F3 /* libImath.a */,
				3BD6CEF818CC93C2003B40F3 /* libjpeg.a */,
				3BD6CEF918CC93C2003B40F3 /* libOpenImageIO_Util.a */,
				3BD6CEFA18CC93C2003B40F3 /* libOpenImageIO.a */,
				3BD6CEFB18CC93C2003B40F3 /* libpng15.a */,
				3BD6CEFC18CC93C2003B40F3 /* libtiff.a */,
				3BD6CEFD18CC93C2003B40F3 /* libtiffxx.a */,
				3B1BC5C818CD272C007B416E /* liblzma.a */,
			);
			name = lib;
			path = ../lib;
			sourceTree = "<group>";
		};
		3BD6CEC418CC9397003B40F3 /* include */ = {
			isa = PBXGroup;
			children = (
				3BD6CEC518CC9397003B40F3 /* argparse.h */,
				3BD6CEC618CC9397003B40F3 /* array_view.h */,
				3BD6CEC718CC9397003B40F3 /* color.h */,
				3BD6CEC818CC9397003B40F3 /* dassert.h */,
				3BD6CEC918CC9397003B40F3 /* errorhandler.h */,
				3BD6CECA18CC9397003B40F3 /* export.h */,
				3BD6CECB18CC9397003B40F3 /* filesystem.h */,
				3BD6CECC18CC9397003B40F3 /* filter.h */,
				3BD6CECD18CC9397003B40F3 /* fmath.h */,
				3BD6CECE18CC9397003B40F3 /* hash.h */,
				3BD6CECF18CC9397003B40F3 /* image_view.h */,
				3BD6CED018CC9397003B40F3 /* imagebuf.h */,
				3BD6CED118CC9397003B40F3 /* imagebufalgo.h */,
				3BD6CED218CC9397003B40F3 /* imagebufalgo_util.h */,
				3BD6CED318CC9397003B40F3 /* imagecache.h */,
				3BD6CED418CC9397003B40F3 /* imageio.h */,
				3BD6CED518CC9397003B40F3 /* oiioversion.h */,
				3BD6CED618CC9397003B40F3 /* optparser.h */,
				3BD6CED718CC9397003B40F3 /* osdep.h */,
				3BD6CED818CC9397003B40F3 /* paramlist.h */,
				3BD6CED918CC9397003B40F3 /* plugin.h */,
				3BD6CEDA18CC9397003B40F3 /* pugiconfig.hpp */,
				3BD6CEDB18CC9397003B40F3 /* pugixml.cpp */,
				3BD6CEDC18CC9397003B40F3 /* pugixml.hpp */,
				3BD6CEDD18CC9397003B40F3 /* refcnt.h */,
				3BD6CEDE18CC9397003B40F3 /* SHA1.h */,
				3BD6CEDF18CC9397003B40F3 /* strided_ptr.h */,
				3BD6CEE018CC9397003B40F3 /* string_ref.h */,
				3BD6CEE118CC9397003B40F3 /* strutil.h */,
				3BD6CEE218CC9397003B40F3 /* sysutil.h */,
				3BD6CEE318CC9397003B40F3 /* texture.h */,
				3BD6CEE418CC9397003B40F3 /* thread.h */,
				3BD6CEE518CC9397003B40F3 /* timer.h */,
				3BD6CEE618CC9397003B40F3 /* tinyformat.h */,
				3BD6CEE718CC9397003B40F3 /* typedesc.h */,
				3BD6CEE818CC9397003B40F3 /* unittest.h */,
				3BD6CEE918CC9397003B40F3 /* unordered_map_concurrent.h */,
				3BD6CEEA18CC9397003B40F3 /* ustring.h */,
				3BD6CEEB18CC9397003B40F3 /* varyingref.h */,
				3BD6CEEC18CC9397003B40F3 /* version.h */,
			);
			name = include;
			path = ../../Vendor/OpenImageIO/include/OpenImageIO;
			sourceTree = "<group>";
		};
/* End PBXGroup section */

/* Begin PBXNativeTarget section */
		3B66458618CC41600052E2DC /* OIIOImageViewer */ = {
			isa = PBXNativeTarget;
			buildConfigurationList = 3B6645B818CC41600052E2DC /* Build configuration list for PBXNativeTarget "OIIOImageViewer" */;
			buildPhases = (
				3B66458318CC41600052E2DC /* Sources */,
				3B66458418CC41600052E2DC /* Frameworks */,
				3B66458518CC41600052E2DC /* Resources */,
			);
			buildRules = (
			);
			dependencies = (
			);
			name = OIIOImageViewer;
			productName = OIIOImageViewer;
			productReference = 3B66458718CC41600052E2DC /* OIIOImageViewer.app */;
			productType = "com.apple.product-type.application";
		};
		3B6645A718CC41600052E2DC /* OIIOImageViewerTests */ = {
			isa = PBXNativeTarget;
			buildConfigurationList = 3B6645BB18CC41600052E2DC /* Build configuration list for PBXNativeTarget "OIIOImageViewerTests" */;
			buildPhases = (
				3B6645A418CC41600052E2DC /* Sources */,
				3B6645A518CC41600052E2DC /* Frameworks */,
				3B6645A618CC41600052E2DC /* Resources */,
			);
			buildRules = (
			);
			dependencies = (
				3B6645AD18CC41600052E2DC /* PBXTargetDependency */,
			);
			name = OIIOImageViewerTests;
			productName = OIIOImageViewerTests;
			productReference = 3B6645A818CC41600052E2DC /* OIIOImageViewerTests.xctest */;
			productType = "com.apple.product-type.bundle.unit-test";
		};
/* End PBXNativeTarget section */

/* Begin PBXProject section */
		3B66457F18CC41600052E2DC /* Project object */ = {
			isa = PBXProject;
			attributes = {
				CLASSPREFIX = DPX;
				LastUpgradeCheck = 0500;
				ORGANIZATIONNAME = "Wil Gieseler";
				TargetAttributes = {
					3B6645A718CC41600052E2DC = {
						TestTargetID = 3B66458618CC41600052E2DC;
					};
				};
			};
			buildConfigurationList = 3B66458218CC41600052E2DC /* Build configuration list for PBXProject "OIIOImageViewer" */;
			compatibilityVersion = "Xcode 3.2";
			developmentRegion = English;
			hasScannedForEncodings = 0;
			knownRegions = (
				en,
				Base,
			);
			mainGroup = 3B66457E18CC41600052E2DC;
			productRefGroup = 3B66458818CC41600052E2DC /* Products */;
			projectDirPath = "";
			projectRoot = "";
			targets = (
				3B66458618CC41600052E2DC /* OIIOImageViewer */,
				3B6645A718CC41600052E2DC /* OIIOImageViewerTests */,
			);
		};
/* End PBXProject section */

/* Begin PBXResourcesBuildPhase section */
		3B66458518CC41600052E2DC /* Resources */ = {
			isa = PBXResourcesBuildPhase;
			buildActionMask = 2147483647;
			files = (
				3B66459518CC41600052E2DC /* InfoPlist.strings in Resources */,
				3B6645A318CC41600052E2DC /* Images.xcassets in Resources */,
				3B66459B18CC41600052E2DC /* Credits.rtf in Resources */,
				3B1BC5CB18CD282F007B416E /* Digital_LAD_2048x1556.dpx in Resources */,
				F29DAC7118D047A500E132E7 /* test.dpx in Resources */,
				3B6645A118CC41600052E2DC /* MainMenu.xib in Resources */,
			);
			runOnlyForDeploymentPostprocessing = 0;
		};
		3B6645A618CC41600052E2DC /* Resources */ = {
			isa = PBXResourcesBuildPhase;
			buildActionMask = 2147483647;
			files = (
			);
			runOnlyForDeploymentPostprocessing = 0;
		};
/* End PBXResourcesBuildPhase section */

/* Begin PBXSourcesBuildPhase section */
		3B66458318CC41600052E2DC /* Sources */ = {
			isa = PBXSourcesBuildPhase;
			buildActionMask = 2147483647;
			files = (
				3B7C8F8818CCA52300EC8F8E /* NSImage+OIIO.m in Sources */,
				3B66459718CC41600052E2DC /* main.m in Sources */,
				3BD6CE5A18CC4EEA003B40F3 /* OIIOImageRep.mm in Sources */,
				3BD6CEED18CC9397003B40F3 /* pugixml.cpp in Sources */,
				3B66459E18CC41600052E2DC /* AppDelegate.m in Sources */,
			);
			runOnlyForDeploymentPostprocessing = 0;
		};
		3B6645A418CC41600052E2DC /* Sources */ = {
			isa = PBXSourcesBuildPhase;
			buildActionMask = 2147483647;
			files = (
			);
			runOnlyForDeploymentPostprocessing = 0;
		};
/* End PBXSourcesBuildPhase section */

/* Begin PBXTargetDependency section */
		3B6645AD18CC41600052E2DC /* PBXTargetDependency */ = {
			isa = PBXTargetDependency;
			target = 3B66458618CC41600052E2DC /* OIIOImageViewer */;
			targetProxy = 3B6645AC18CC41600052E2DC /* PBXContainerItemProxy */;
		};
/* End PBXTargetDependency section */

/* Begin PBXVariantGroup section */
		3B66459318CC41600052E2DC /* InfoPlist.strings */ = {
			isa = PBXVariantGroup;
			children = (
				3B66459418CC41600052E2DC /* en */,
			);
			name = InfoPlist.strings;
			sourceTree = "<group>";
		};
		3B66459918CC41600052E2DC /* Credits.rtf */ = {
			isa = PBXVariantGroup;
			children = (
				3B66459A18CC41600052E2DC /* en */,
			);
			name = Credits.rtf;
			sourceTree = "<group>";
		};
		3B66459F18CC41600052E2DC /* MainMenu.xib */ = {
			isa = PBXVariantGroup;
			children = (
				3B6645A018CC41600052E2DC /* Base */,
			);
			name = MainMenu.xib;
			sourceTree = "<group>";
		};
/* End PBXVariantGroup section */

/* Begin XCBuildConfiguration section */
		3B6645B618CC41600052E2DC /* Debug */ = {
			isa = XCBuildConfiguration;
			buildSettings = {
				ALWAYS_SEARCH_USER_PATHS = NO;
				CLANG_CXX_LANGUAGE_STANDARD = "gnu++0x";
				CLANG_CXX_LIBRARY = "libc++";
				CLANG_ENABLE_OBJC_ARC = YES;
				CLANG_WARN_BOOL_CONVERSION = YES;
				CLANG_WARN_CONSTANT_CONVERSION = YES;
				CLANG_WARN_DIRECT_OBJC_ISA_USAGE = YES_ERROR;
				CLANG_WARN_EMPTY_BODY = YES;
				CLANG_WARN_ENUM_CONVERSION = YES;
				CLANG_WARN_INT_CONVERSION = YES;
				CLANG_WARN_OBJC_ROOT_CLASS = YES_ERROR;
				CLANG_WARN__DUPLICATE_METHOD_MATCH = YES;
				COPY_PHASE_STRIP = NO;
				GCC_C_LANGUAGE_STANDARD = gnu99;
				GCC_DYNAMIC_NO_PIC = NO;
				GCC_ENABLE_OBJC_EXCEPTIONS = YES;
				GCC_OPTIMIZATION_LEVEL = 0;
				GCC_PREPROCESSOR_DEFINITIONS = (
					"DEBUG=1",
					"$(inherited)",
				);
				GCC_SYMBOLS_PRIVATE_EXTERN = NO;
				GCC_WARN_64_TO_32_BIT_CONVERSION = YES;
				GCC_WARN_ABOUT_RETURN_TYPE = YES_ERROR;
				GCC_WARN_UNDECLARED_SELECTOR = YES;
				GCC_WARN_UNINITIALIZED_AUTOS = YES;
				GCC_WARN_UNUSED_FUNCTION = YES;
				GCC_WARN_UNUSED_VARIABLE = YES;
				MACOSX_DEPLOYMENT_TARGET = 10.9;
				ONLY_ACTIVE_ARCH = YES;
				SDKROOT = macosx;
			};
			name = Debug;
		};
		3B6645B718CC41600052E2DC /* Release */ = {
			isa = XCBuildConfiguration;
			buildSettings = {
				ALWAYS_SEARCH_USER_PATHS = NO;
				CLANG_CXX_LANGUAGE_STANDARD = "gnu++0x";
				CLANG_CXX_LIBRARY = "libc++";
				CLANG_ENABLE_OBJC_ARC = YES;
				CLANG_WARN_BOOL_CONVERSION = YES;
				CLANG_WARN_CONSTANT_CONVERSION = YES;
				CLANG_WARN_DIRECT_OBJC_ISA_USAGE = YES_ERROR;
				CLANG_WARN_EMPTY_BODY = YES;
				CLANG_WARN_ENUM_CONVERSION = YES;
				CLANG_WARN_INT_CONVERSION = YES;
				CLANG_WARN_OBJC_ROOT_CLASS = YES_ERROR;
				CLANG_WARN__DUPLICATE_METHOD_MATCH = YES;
				COPY_PHASE_STRIP = YES;
				DEBUG_INFORMATION_FORMAT = "dwarf-with-dsym";
				ENABLE_NS_ASSERTIONS = NO;
				GCC_C_LANGUAGE_STANDARD = gnu99;
				GCC_ENABLE_OBJC_EXCEPTIONS = YES;
				GCC_WARN_64_TO_32_BIT_CONVERSION = YES;
				GCC_WARN_ABOUT_RETURN_TYPE = YES_ERROR;
				GCC_WARN_UNDECLARED_SELECTOR = YES;
				GCC_WARN_UNINITIALIZED_AUTOS = YES;
				GCC_WARN_UNUSED_FUNCTION = YES;
				GCC_WARN_UNUSED_VARIABLE = YES;
				MACOSX_DEPLOYMENT_TARGET = 10.9;
				SDKROOT = macosx;
			};
			name = Release;
		};
		3B6645B918CC41600052E2DC /* Debug */ = {
			isa = XCBuildConfiguration;
			buildSettings = {
				ASSETCATALOG_COMPILER_APPICON_NAME = AppIcon;
				COMBINE_HIDPI_IMAGES = YES;
				GCC_PRECOMPILE_PREFIX_HEADER = YES;
				GCC_PREFIX_HEADER = "OIIOImageViewer/OIIOImageViewer-Prefix.pch";
				HEADER_SEARCH_PATHS = (
					"$(inherited)",
					/Applications/Xcode.app/Contents/Developer/Toolchains/XcodeDefault.xctoolchain/usr/include,
					"$(SRCROOT)/../Vendor/OpenImageIO/include",
				);
				INFOPLIST_FILE = "OIIOImageViewer/OIIOImageViewer-Info.plist";
				LD_RUNPATH_SEARCH_PATHS = "";
				LIBRARY_SEARCH_PATHS = (
					"$(inherited)",
					"$(SRCROOT)/../Vendor/**",
				);
				OTHER_LDFLAGS = "";
				PRODUCT_NAME = OIIOImageViewer;
				WRAPPER_EXTENSION = app;
			};
			name = Debug;
		};
		3B6645BA18CC41600052E2DC /* Release */ = {
			isa = XCBuildConfiguration;
			buildSettings = {
				ASSETCATALOG_COMPILER_APPICON_NAME = AppIcon;
				COMBINE_HIDPI_IMAGES = YES;
				GCC_PRECOMPILE_PREFIX_HEADER = YES;
				GCC_PREFIX_HEADER = "OIIOImageViewer/OIIOImageViewer-Prefix.pch";
				HEADER_SEARCH_PATHS = (
					"$(inherited)",
					/Applications/Xcode.app/Contents/Developer/Toolchains/XcodeDefault.xctoolchain/usr/include,
					"$(SRCROOT)/../Vendor/OpenImageIO/include",
				);
				INFOPLIST_FILE = "OIIOImageViewer/OIIOImageViewer-Info.plist";
				LD_RUNPATH_SEARCH_PATHS = "";
				LIBRARY_SEARCH_PATHS = (
					"$(inherited)",
					"$(SRCROOT)/../Vendor/**",
				);
				OTHER_LDFLAGS = "";
				PRODUCT_NAME = OIIOImageViewer;
				WRAPPER_EXTENSION = app;
			};
			name = Release;
		};
		3B6645BC18CC41600052E2DC /* Debug */ = {
			isa = XCBuildConfiguration;
			buildSettings = {
				BUNDLE_LOADER = "$(BUILT_PRODUCTS_DIR)/OIIOImageViewer.app/Contents/MacOS/OIIOImageViewer";
				COMBINE_HIDPI_IMAGES = YES;
				FRAMEWORK_SEARCH_PATHS = (
					"$(DEVELOPER_FRAMEWORKS_DIR)",
					"$(inherited)",
				);
				GCC_PRECOMPILE_PREFIX_HEADER = YES;
				GCC_PREFIX_HEADER = "OIIOImageViewer/OIIOImageViewer-Prefix.pch";
				GCC_PREPROCESSOR_DEFINITIONS = (
					"DEBUG=1",
					"$(inherited)",
				);
				INFOPLIST_FILE = "OIIOImageViewerTests/OIIOImageViewerTests-Info.plist";
				PRODUCT_NAME = OIIOImageViewerTests;
				TEST_HOST = "$(BUNDLE_LOADER)";
				WRAPPER_EXTENSION = xctest;
			};
			name = Debug;
		};
		3B6645BD18CC41600052E2DC /* Release */ = {
			isa = XCBuildConfiguration;
			buildSettings = {
				BUNDLE_LOADER = "$(BUILT_PRODUCTS_DIR)/OIIOImageViewer.app/Contents/MacOS/OIIOImageViewer";
				COMBINE_HIDPI_IMAGES = YES;
				FRAMEWORK_SEARCH_PATHS = (
					"$(DEVELOPER_FRAMEWORKS_DIR)",
					"$(inherited)",
				);
				GCC_PRECOMPILE_PREFIX_HEADER = YES;
				GCC_PREFIX_HEADER = "OIIOImageViewer/OIIOImageViewer-Prefix.pch";
				INFOPLIST_FILE = "OIIOImageViewerTests/OIIOImageViewerTests-Info.plist";
				PRODUCT_NAME = OIIOImageViewerTests;
				TEST_HOST = "$(BUNDLE_LOADER)";
				WRAPPER_EXTENSION = xctest;
			};
			name = Release;
		};
/* End XCBuildConfiguration section */

/* Begin XCConfigurationList section */
		3B66458218CC41600052E2DC /* Build configuration list for PBXProject "OIIOImageViewer" */ = {
			isa = XCConfigurationList;
			buildConfigurations = (
				3B6645B618CC41600052E2DC /* Debug */,
				3B6645B718CC41600052E2DC /* Release */,
			);
			defaultConfigurationIsVisible = 0;
			defaultConfigurationName = Release;
		};
		3B6645B818CC41600052E2DC /* Build configuration list for PBXNativeTarget "OIIOImageViewer" */ = {
			isa = XCConfigurationList;
			buildConfigurations = (
				3B6645B918CC41600052E2DC /* Debug */,
				3B6645BA18CC41600052E2DC /* Release */,
			);
			defaultConfigurationIsVisible = 0;
			defaultConfigurationName = Release;
		};
		3B6645BB18CC41600052E2DC /* Build configuration list for PBXNativeTarget "OIIOImageViewerTests" */ = {
			isa = XCConfigurationList;
			buildConfigurations = (
				3B6645BC18CC41600052E2DC /* Debug */,
				3B6645BD18CC41600052E2DC /* Release */,
			);
			defaultConfigurationIsVisible = 0;
			defaultConfigurationName = Release;
		};
/* End XCConfigurationList section */
	};
	rootObject = 3B66457F18CC41600052E2DC /* Project object */;
}
